
Microsoft Visual Studio Solution File, Format Version 12.00
# Visual Studio Version 17
VisualStudioVersion = 17.12.35506.116 d17.12
MinimumVisualStudioVersion = 10.0.40219.1
Project("{FAE04EC0-301F-11D3-BF4B-00C04F79EFBC}") = "TodoListSolution.Domain", "TodoListSolution.Domain\TodoListSolution.Domain.csproj", "{415E83B6-7553-4D6E-9366-7A4E0892A167}"
EndProject
Project("{FAE04EC0-301F-11D3-BF4B-00C04F79EFBC}") = "TodoListSolution.Infrastructure", "TodoListSolution.Infrastructure\TodoListSolution.Infrastructure.csproj", "{296A41F9-C332-4F95-81EA-D9529C1D3A4A}"
EndProject
Project("{FAE04EC0-301F-11D3-BF4B-00C04F79EFBC}") = "TodoListSolution.API", "TodoListSolution.API\TodoListSolution.API.csproj", "{6AF4A59B-82B5-45FA-BFA4-E25259CA8F23}"
EndProject
Project("{FAE04EC0-301F-11D3-BF4B-00C04F79EFBC}") = "TodoListSolution.Web", "TodoListSolution.Web\TodoListSolution.Web.csproj", "{3A8717F0-ECBF-4569-BBEB-F4A36EBC446E}"
EndProject
Project("{FAE04EC0-301F-11D3-BF4B-00C04F79EFBC}") = "TodoListSolution.Mobile", "TodoListSolution.Mobile\TodoListSolution.Mobile.csproj", "{BFC183D8-A81C-47D4-8560-70EE5CBB2E25}"
EndProject
Global
	GlobalSection(SolutionConfigurationPlatforms) = preSolution
		Debug|Any CPU = Debug|Any CPU
		Release|Any CPU = Release|Any CPU
	EndGlobalSection
	GlobalSection(ProjectConfigurationPlatforms) = postSolution
		{415E83B6-7553-4D6E-9366-7A4E0892A167}.Debug|Any CPU.ActiveCfg = Debug|Any CPU
		{415E83B6-7553-4D6E-9366-7A4E0892A167}.Debug|Any CPU.Build.0 = Debug|Any CPU
		{415E83B6-7553-4D6E-9366-7A4E0892A167}.Release|Any CPU.ActiveCfg = Release|Any CPU
		{415E83B6-7553-4D6E-9366-7A4E0892A167}.Release|Any CPU.Build.0 = Release|Any CPU
		{296A41F9-C332-4F95-81EA-D9529C1D3A4A}.Debug|Any CPU.ActiveCfg = Debug|Any CPU
		{296A41F9-C332-4F95-81EA-D9529C1D3A4A}.Debug|Any CPU.Build.0 = Debug|Any CPU
		{296A41F9-C332-4F95-81EA-D9529C1D3A4A}.Release|Any CPU.ActiveCfg = Release|Any CPU
		{296A41F9-C332-4F95-81EA-D9529C1D3A4A}.Release|Any CPU.Build.0 = Release|Any CPU
		{6AF4A59B-82B5-45FA-BFA4-E25259CA8F23}.Debug|Any CPU.ActiveCfg = Debug|Any CPU
		{6AF4A59B-82B5-45FA-BFA4-E25259CA8F23}.Debug|Any CPU.Build.0 = Debug|Any CPU
		{6AF4A59B-82B5-45FA-BFA4-E25259CA8F23}.Release|Any CPU.ActiveCfg = Release|Any CPU
		{6AF4A59B-82B5-45FA-BFA4-E25259CA8F23}.Release|Any CPU.Build.0 = Release|Any CPU
		{3A8717F0-ECBF-4569-BBEB-F4A36EBC446E}.Debug|Any CPU.ActiveCfg = Debug|Any CPU
		{3A8717F0-ECBF-4569-BBEB-F4A36EBC446E}.Debug|Any CPU.Build.0 = Debug|Any CPU
		{3A8717F0-ECBF-4569-BBEB-F4A36EBC446E}.Release|Any CPU.ActiveCfg = Release|Any CPU
		{3A8717F0-ECBF-4569-BBEB-F4A36EBC446E}.Release|Any CPU.Build.0 = Release|Any CPU
		{BFC183D8-A81C-47D4-8560-70EE5CBB2E25}.Debug|Any CPU.ActiveCfg = Debug|Any CPU
		{BFC183D8-A81C-47D4-8560-70EE5CBB2E25}.Debug|Any CPU.Build.0 = Debug|Any CPU
		{BFC183D8-A81C-47D4-8560-70EE5CBB2E25}.Release|Any CPU.ActiveCfg = Release|Any CPU
		{BFC183D8-A81C-47D4-8560-70EE5CBB2E25}.Release|Any CPU.Build.0 = Release|Any CPU
	EndGlobalSection
	GlobalSection(SolutionProperties) = preSolution
		HideSolutionNode = FALSE
	EndGlobalSection
EndGlobal
